# This file is automatically @generated by Cargo.
# It is not intended for manual editing.
version = 4

[[package]]
name = "quansio-capability"
version = "0.1.0"

[[package]]
name = "quansio-cli"
version = "0.1.0"

[[package]]
name = "quansio-contracts"
version = "0.1.0"

[[package]]
name = "quansio-core"
version = "0.1.0"

[[package]]
name = "quansio-events"
version = "0.1.0"

[[package]]
name = "quansio-graph"
version = "0.1.0"

[[package]]
name = "quansio-indexer"
version = "0.1.0"

[[package]]
name = "quansio-machine"
version = "0.1.0"

[[package]]
name = "quansio-native-windows"
version = "0.1.0"

[[package]]
name = "quansio-qworkerd"
version = "0.1.0"

[[package]]
name = "quansio-server"
version = "0.1.0"

[[package]]
name = "quansio-tools"
version = "0.1.0"
